{
  "nodes": {
    "deploy": {
      "inputs": {
        "nixpkgs": "nixpkgs"
      },
      "locked": {
        "lastModified": 1,
        "narHash": "sha256-eUUfb0C+6oT+m9wTUTZxzu8i8W32LqvHfEdFndVrqG8=",
        "path": "./deploy",
        "type": "path"
      },
      "original": {
        "path": "./deploy",
        "type": "path"
      }
    },
    "nixpkgs": {
      "locked": {
        "lastModified": 1740791350,
        "narHash": "sha256-igS2Z4tVw5W/x3lCZeeadt0vcU9fxtetZ/RyrqsCRQ0=",
        "owner": "NixOS",
        "repo": "nixpkgs",
        "rev": "199169a2135e6b864a888e89a2ace345703c025d",
        "type": "github"
      },
      "original": {
        "owner": "NixOS",
        "ref": "nixpkgs-unstable",
        "repo": "nixpkgs",
        "type": "github"
      }
    },
    "nixpkgs_2": {
      "locked": {
        "lastModified": 1740791350,
        "narHash": "sha256-igS2Z4tVw5W/x3lCZeeadt0vcU9fxtetZ/RyrqsCRQ0=",
        "owner": "NixOS",
        "repo": "nixpkgs",
        "rev": "199169a2135e6b864a888e89a2ace345703c025d",
        "type": "github"
      },
      "original": {
        "owner": "NixOS",
        "ref": "nixpkgs-unstable",
        "repo": "nixpkgs",
        "type": "github"
      }
    },
    "root": {
      "inputs": {
        "deploy": "deploy",
        "nixpkgs": "nixpkgs_2"
      }
    }
  },
  "root": "root",
  "version": 7
}
